<?xml version="1.0" encoding="utf-8"?>
<Project ToolsVersion="4.0" xmlns="http://schemas.microsoft.com/developer/msbuild/2003">
  <ItemGroup>
    <Filter Include="Source Files">
      <UniqueIdentifier>{4FC737F1-C7A5-4376-A066-2A32D752A2FF}</UniqueIdentifier>
      <Extensions>cpp;c;cc;cxx;c++;cppm;ixx;def;odl;idl;hpj;bat;asm;asmx</Extensions>
    </Filter>
    <Filter Include="Header Files">
      <UniqueIdentifier>{93995380-89BD-4b04-88EB-625FBE52EBFB}</UniqueIdentifier>
      <Extensions>h;hh;hpp;hxx;h++;hm;inl;inc;ipp;xsd</Extensions>
    </Filter>
    <Filter Include="Resource Files">
      <UniqueIdentifier>{67DA6AB6-F800-4c08-8B7A-83BB121AAD01}</UniqueIdentifier>
      <Extensions>rc;ico;cur;bmp;dlg;rc2;rct;bin;rgs;gif;jpg;jpeg;jpe;resx;tiff;tif;png;wav;mfcribbon-ms</Extensions>
    </Filter>
    <Filter Include="Library Files">
      <UniqueIdentifier>{a4c65280-c47e-46d0-bfef-af9ddf4e1895}</UniqueIdentifier>
    </Filter>
    <Filter Include="Library Files\x64">
      <UniqueIdentifier>{8526f897-7f2c-44d7-ac34-19213269237d}</UniqueIdentifier>
    </Filter>
    <Filter Include="Library Files\x86">
      <UniqueIdentifier>{82371823-677c-4c9b-88ff-d022f25ebab3}</UniqueIdentifier>
    </Filter>
    <Filter Include="Header Files\GL">
      <UniqueIdentifier>{6d641feb-657e-45fd-892f-9caac6d0c0e9}</UniqueIdentifier>
    </Filter>
    <Filter Include="Library Files\dll%27s">
      <UniqueIdentifier>{8285e348-4d16-4fd6-9762-797a9d83bb08}</UniqueIdentifier>
    </Filter>
    <Filter Include="Library Files\dll%27s\x86">
      <UniqueIdentifier>{0194aa65-8b79-425f-b1e8-088c529d250c}</UniqueIdentifier>
    </Filter>
    <Filter Include="Library Files\dll%27s\x64">
      <UniqueIdentifier>{ee0d71aa-0f8c-41bd-84f4-3262a08ef2c8}</UniqueIdentifier>
    </Filter>
  </ItemGroup>
  <ItemGroup>
    <ClCompile Include="Src\main.cpp">
      <Filter>Source Files</Filter>
    </ClCompile>
    <ClCompile Include="Src\glut.cpp">
      <Filter>Source Files</Filter>
    </ClCompile>
    <ClCompile Include="Src\input.cpp">
      <Filter>Source Files</Filter>
    </ClCompile>
    <ClCompile Include="Src\pong.cpp">
      <Filter>Source Files</Filter>
    </ClCompile>
  </ItemGroup>
  <ItemGroup>
    <ClInclude Include="Src\Include\head.hpp">
      <Filter>Header Files</Filter>
    </ClInclude>
    <ClInclude Include="Src\Include\GL\freeglut.h">
      <Filter>Header Files\GL</Filter>
    </ClInclude>
    <ClInclude Include="Src\Include\GL\freeglut_ext.h">
      <Filter>Header Files\GL</Filter>
    </ClInclude>
    <ClInclude Include="Src\Include\GL\freeglut_std.h">
      <Filter>Header Files\GL</Filter>
    </ClInclude>
    <ClInclude Include="Src\Include\GL\glut.h">
      <Filter>Header Files\GL</Filter>
    </ClInclude>
  </ItemGroup>
  <ItemGroup>
    <Library Include="Src\lib\libx64\freeglut.lib">
      <Filter>Library Files\x64</Filter>
    </Library>
    <Library Include="Src\lib\libx86\freeglut.lib">
      <Filter>Library Files\x86</Filter>
    </Library>
  </ItemGroup>
  <ItemGroup>
    <None Include="x64\Debug\freeglut.dll">
      <Filter>Library Files\dll%27s\x64</Filter>
    </None>
    <None Include="x64\Release\freeglut.dll">
      <Filter>Library Files\dll%27s\x64</Filter>
    </None>
    <None Include="Debug\freeglut.dll">
      <Filter>Library Files\dll%27s\x86</Filter>
    </None>
    <None Include="Release\freeglut.dll">
      <Filter>Library Files\dll%27s\x86</Filter>
    </None>
  </ItemGroup>
</Project>